
Microsoft Visual Studio Solution File, Format Version 11.00
# Visual Studio 2010
Project("{FAE04EC0-301F-11D3-BF4B-00C04F79EFBC}") = "Assembly-CSharp", "Assembly-CSharp.csproj", "{B0F8F4C9-D9DC-334E-0212-D91AF1D86354}"
EndProject
Project("{FAE04EC0-301F-11D3-BF4B-00C04F79EFBC}") = "Assembly-CSharp-Editor", "Assembly-CSharp-Editor.csproj", "{66236EBC-7364-2DEE-40BD-195D2E850E5B}"
EndProject
Global
	GlobalSection(SolutionConfigurationPlatforms) = preSolution
		Debug|Any CPU = Debug|Any CPU
		Release|Any CPU = Release|Any CPU
	EndGlobalSection
	GlobalSection(ProjectConfigurationPlatforms) = postSolution
		{B0F8F4C9-D9DC-334E-0212-D91AF1D86354}.Debug|Any CPU.ActiveCfg = Debug|Any CPU
		{B0F8F4C9-D9DC-334E-0212-D91AF1D86354}.Debug|Any CPU.Build.0 = Debug|Any CPU
		{B0F8F4C9-D9DC-334E-0212-D91AF1D86354}.Release|Any CPU.ActiveCfg = Release|Any CPU
		{B0F8F4C9-D9DC-334E-0212-D91AF1D86354}.Release|Any CPU.Build.0 = Release|Any CPU
		{66236EBC-7364-2DEE-40BD-195D2E850E5B}.Debug|Any CPU.ActiveCfg = Debug|Any CPU
		{66236EBC-7364-2DEE-40BD-195D2E850E5B}.Debug|Any CPU.Build.0 = Debug|Any CPU
		{66236EBC-7364-2DEE-40BD-195D2E850E5B}.Release|Any CPU.ActiveCfg = Release|Any CPU
		{66236EBC-7364-2DEE-40BD-195D2E850E5B}.Release|Any CPU.Build.0 = Release|Any CPU
	EndGlobalSection
	GlobalSection(SolutionProperties) = preSolution
		HideSolutionNode = FALSE
	EndGlobalSection
EndGlobal
